
Microsoft Visual Studio Solution File, Format Version 12.00
# Visual Studio Version 16
VisualStudioVersion = 16.0.32228.343
MinimumVisualStudioVersion = 10.0.40219.1
Project("{FAE04EC0-301F-11D3-BF4B-00C04F79EFBC}") = "GiaImport2", "GiaImport2\GiaImport2.csproj", "{35DCE802-230D-413F-973A-E28EE21768B3}"
EndProject
Project("{FAE04EC0-301F-11D3-BF4B-00C04F79EFBC}") = "MFtcSfl", "..\..\..\Projects\m_use\Projects\MFtcSfl\MFtcSfl.csproj", "{8A051C2E-1889-490B-B5FF-E155052AD220}"
EndProject
Project("{FAE04EC0-301F-11D3-BF4B-00C04F79EFBC}") = "MFtcPck", "..\..\..\Projects\m_use\Projects\MFtcPck\MFtcPck.csproj", "{D45324F7-3FC1-431F-9F71-D814994EC005}"
EndProject
Project("{FAE04EC0-301F-11D3-BF4B-00C04F79EFBC}") = "MFtcConfig", "..\..\..\Projects\m_use\Projects\MFtcConfig\MFtcConfig.csproj", "{CD6CE5BE-C050-4A71-B833-DBDFDDF1D0FD}"
EndProject
Project("{FAE04EC0-301F-11D3-BF4B-00C04F79EFBC}") = "MFtcEfe", "..\..\..\Projects\m_use\Projects\MFtcEfe\MFtcEfe.csproj", "{65C5264D-6DCF-43E2-B5C2-2C6BC1DE511E}"
EndProject
Project("{FAE04EC0-301F-11D3-BF4B-00C04F79EFBC}") = "MFtcUtils", "..\..\..\Projects\m_use\Projects\MFtcUtils\MFtcUtils.csproj", "{25846A90-F39A-4C9C-A2E8-F66C9ABD16B6}"
EndProject
Global
	GlobalSection(SolutionConfigurationPlatforms) = preSolution
		Debug - ResultsProcessor|Any CPU = Debug - ResultsProcessor|Any CPU
		Debug - ResultsProcessor|x86 = Debug - ResultsProcessor|x86
		Debug (AUSE Regional)|Any CPU = Debug (AUSE Regional)|Any CPU
		Debug (AUSE Regional)|x86 = Debug (AUSE Regional)|x86
		Debug (BSE Regional)|Any CPU = Debug (BSE Regional)|Any CPU
		Debug (BSE Regional)|x86 = Debug (BSE Regional)|x86
		Debug (TBSE Regional)|Any CPU = Debug (TBSE Regional)|Any CPU
		Debug (TBSE Regional)|x86 = Debug (TBSE Regional)|x86
		Debug (TUSE Federal)|Any CPU = Debug (TUSE Federal)|Any CPU
		Debug (TUSE Federal)|x86 = Debug (TUSE Federal)|x86
		Debug (TUSE Regional)|Any CPU = Debug (TUSE Regional)|Any CPU
		Debug (TUSE Regional)|x86 = Debug (TUSE Regional)|x86
		Debug (USE Federal)|Any CPU = Debug (USE Federal)|Any CPU
		Debug (USE Federal)|x86 = Debug (USE Federal)|x86
		Debug (USE Regional)|Any CPU = Debug (USE Regional)|Any CPU
		Debug (USE Regional)|x86 = Debug (USE Regional)|x86
		Debug Gia9Regional|Any CPU = Debug Gia9Regional|Any CPU
		Debug Gia9Regional|x86 = Debug Gia9Regional|x86
		Debug|Any CPU = Debug|Any CPU
		Debug|x86 = Debug|x86
		DebugDotNetCore|Any CPU = DebugDotNetCore|Any CPU
		DebugDotNetCore|x86 = DebugDotNetCore|x86
		Release - ResultsProcessor|Any CPU = Release - ResultsProcessor|Any CPU
		Release - ResultsProcessor|x86 = Release - ResultsProcessor|x86
		Release (ABse Federal)|Any CPU = Release (ABse Federal)|Any CPU
		Release (ABse Federal)|x86 = Release (ABse Federal)|x86
		Release (ABse Regional)|Any CPU = Release (ABse Regional)|Any CPU
		Release (ABse Regional)|x86 = Release (ABse Regional)|x86
		Release (AUse Federal)|Any CPU = Release (AUse Federal)|Any CPU
		Release (AUse Federal)|x86 = Release (AUse Federal)|x86
		Release (AUse Regional)|Any CPU = Release (AUse Regional)|Any CPU
		Release (AUse Regional)|x86 = Release (AUse Regional)|x86
		Release (BSE Regional)|Any CPU = Release (BSE Regional)|Any CPU
		Release (BSE Regional)|x86 = Release (BSE Regional)|x86
		Release (TUSE Federal)|Any CPU = Release (TUSE Federal)|Any CPU
		Release (TUSE Federal)|x86 = Release (TUSE Federal)|x86
		Release (TUSE Regional)|Any CPU = Release (TUSE Regional)|Any CPU
		Release (TUSE Regional)|x86 = Release (TUSE Regional)|x86
		Release (USE Federal)|Any CPU = Release (USE Federal)|Any CPU
		Release (USE Federal)|x86 = Release (USE Federal)|x86
		Release (USE Regional)|Any CPU = Release (USE Regional)|Any CPU
		Release (USE Regional)|x86 = Release (USE Regional)|x86
		Release Gia9Regional|Any CPU = Release Gia9Regional|Any CPU
		Release Gia9Regional|x86 = Release Gia9Regional|x86
		Release|Any CPU = Release|Any CPU
		Release|x86 = Release|x86
	EndGlobalSection
	GlobalSection(ProjectConfigurationPlatforms) = postSolution
		{35DCE802-230D-413F-973A-E28EE21768B3}.Debug - ResultsProcessor|Any CPU.ActiveCfg = Debug|Any CPU
		{35DCE802-230D-413F-973A-E28EE21768B3}.Debug - ResultsProcessor|Any CPU.Build.0 = Debug|Any CPU
		{35DCE802-230D-413F-973A-E28EE21768B3}.Debug - ResultsProcessor|x86.ActiveCfg = Debug|Any CPU
		{35DCE802-230D-413F-973A-E28EE21768B3}.Debug - ResultsProcessor|x86.Build.0 = Debug|Any CPU
		{35DCE802-230D-413F-973A-E28EE21768B3}.Debug (AUSE Regional)|Any CPU.ActiveCfg = Debug|Any CPU
		{35DCE802-230D-413F-973A-E28EE21768B3}.Debug (AUSE Regional)|Any CPU.Build.0 = Debug|Any CPU
		{35DCE802-230D-413F-973A-E28EE21768B3}.Debug (AUSE Regional)|x86.ActiveCfg = Debug|Any CPU
		{35DCE802-230D-413F-973A-E28EE21768B3}.Debug (AUSE Regional)|x86.Build.0 = Debug|Any CPU
		{35DCE802-230D-413F-973A-E28EE21768B3}.Debug (BSE Regional)|Any CPU.ActiveCfg = Debug|Any CPU
		{35DCE802-230D-413F-973A-E28EE21768B3}.Debug (BSE Regional)|Any CPU.Build.0 = Debug|Any CPU
		{35DCE802-230D-413F-973A-E28EE21768B3}.Debug (BSE Regional)|x86.ActiveCfg = Debug|Any CPU
		{35DCE802-230D-413F-973A-E28EE21768B3}.Debug (BSE Regional)|x86.Build.0 = Debug|Any CPU
		{35DCE802-230D-413F-973A-E28EE21768B3}.Debug (TBSE Regional)|Any CPU.ActiveCfg = Debug|Any CPU
		{35DCE802-230D-413F-973A-E28EE21768B3}.Debug (TBSE Regional)|Any CPU.Build.0 = Debug|Any CPU
		{35DCE802-230D-413F-973A-E28EE21768B3}.Debug (TBSE Regional)|x86.ActiveCfg = Debug|Any CPU
		{35DCE802-230D-413F-973A-E28EE21768B3}.Debug (TBSE Regional)|x86.Build.0 = Debug|Any CPU
		{35DCE802-230D-413F-973A-E28EE21768B3}.Debug (TUSE Federal)|Any CPU.ActiveCfg = Debug|Any CPU
		{35DCE802-230D-413F-973A-E28EE21768B3}.Debug (TUSE Federal)|Any CPU.Build.0 = Debug|Any CPU
		{35DCE802-230D-413F-973A-E28EE21768B3}.Debug (TUSE Federal)|x86.ActiveCfg = Debug|Any CPU
		{35DCE802-230D-413F-973A-E28EE21768B3}.Debug (TUSE Federal)|x86.Build.0 = Debug|Any CPU
		{35DCE802-230D-413F-973A-E28EE21768B3}.Debug (TUSE Regional)|Any CPU.ActiveCfg = Debug|Any CPU
		{35DCE802-230D-413F-973A-E28EE21768B3}.Debug (TUSE Regional)|Any CPU.Build.0 = Debug|Any CPU
		{35DCE802-230D-413F-973A-E28EE21768B3}.Debug (TUSE Regional)|x86.ActiveCfg = Debug|Any CPU
		{35DCE802-230D-413F-973A-E28EE21768B3}.Debug (TUSE Regional)|x86.Build.0 = Debug|Any CPU
		{35DCE802-230D-413F-973A-E28EE21768B3}.Debug (USE Federal)|Any CPU.ActiveCfg = Debug|Any CPU
		{35DCE802-230D-413F-973A-E28EE21768B3}.Debug (USE Federal)|Any CPU.Build.0 = Debug|Any CPU
		{35DCE802-230D-413F-973A-E28EE21768B3}.Debug (USE Federal)|x86.ActiveCfg = Debug|Any CPU
		{35DCE802-230D-413F-973A-E28EE21768B3}.Debug (USE Federal)|x86.Build.0 = Debug|Any CPU
		{35DCE802-230D-413F-973A-E28EE21768B3}.Debug (USE Regional)|Any CPU.ActiveCfg = Debug|Any CPU
		{35DCE802-230D-413F-973A-E28EE21768B3}.Debug (USE Regional)|Any CPU.Build.0 = Debug|Any CPU
		{35DCE802-230D-413F-973A-E28EE21768B3}.Debug (USE Regional)|x86.ActiveCfg = Debug|Any CPU
		{35DCE802-230D-413F-973A-E28EE21768B3}.Debug (USE Regional)|x86.Build.0 = Debug|Any CPU
		{35DCE802-230D-413F-973A-E28EE21768B3}.Debug Gia9Regional|Any CPU.ActiveCfg = Debug|Any CPU
		{35DCE802-230D-413F-973A-E28EE21768B3}.Debug Gia9Regional|Any CPU.Build.0 = Debug|Any CPU
		{35DCE802-230D-413F-973A-E28EE21768B3}.Debug Gia9Regional|x86.ActiveCfg = Debug|Any CPU
		{35DCE802-230D-413F-973A-E28EE21768B3}.Debug Gia9Regional|x86.Build.0 = Debug|Any CPU
		{35DCE802-230D-413F-973A-E28EE21768B3}.Debug|Any CPU.ActiveCfg = Debug|Any CPU
		{35DCE802-230D-413F-973A-E28EE21768B3}.Debug|Any CPU.Build.0 = Debug|Any CPU
		{35DCE802-230D-413F-973A-E28EE21768B3}.Debug|x86.ActiveCfg = Debug|Any CPU
		{35DCE802-230D-413F-973A-E28EE21768B3}.Debug|x86.Build.0 = Debug|Any CPU
		{35DCE802-230D-413F-973A-E28EE21768B3}.DebugDotNetCore|Any CPU.ActiveCfg = Debug|Any CPU
		{35DCE802-230D-413F-973A-E28EE21768B3}.DebugDotNetCore|Any CPU.Build.0 = Debug|Any CPU
		{35DCE802-230D-413F-973A-E28EE21768B3}.DebugDotNetCore|x86.ActiveCfg = Debug|Any CPU
		{35DCE802-230D-413F-973A-E28EE21768B3}.DebugDotNetCore|x86.Build.0 = Debug|Any CPU
		{35DCE802-230D-413F-973A-E28EE21768B3}.Release - ResultsProcessor|Any CPU.ActiveCfg = Release|Any CPU
		{35DCE802-230D-413F-973A-E28EE21768B3}.Release - ResultsProcessor|Any CPU.Build.0 = Release|Any CPU
		{35DCE802-230D-413F-973A-E28EE21768B3}.Release - ResultsProcessor|x86.ActiveCfg = Release|Any CPU
		{35DCE802-230D-413F-973A-E28EE21768B3}.Release - ResultsProcessor|x86.Build.0 = Release|Any CPU
		{35DCE802-230D-413F-973A-E28EE21768B3}.Release (ABse Federal)|Any CPU.ActiveCfg = Release|Any CPU
		{35DCE802-230D-413F-973A-E28EE21768B3}.Release (ABse Federal)|Any CPU.Build.0 = Release|Any CPU
		{35DCE802-230D-413F-973A-E28EE21768B3}.Release (ABse Federal)|x86.ActiveCfg = Release|Any CPU
		{35DCE802-230D-413F-973A-E28EE21768B3}.Release (ABse Federal)|x86.Build.0 = Release|Any CPU
		{35DCE802-230D-413F-973A-E28EE21768B3}.Release (ABse Regional)|Any CPU.ActiveCfg = Release|Any CPU
		{35DCE802-230D-413F-973A-E28EE21768B3}.Release (ABse Regional)|Any CPU.Build.0 = Release|Any CPU
		{35DCE802-230D-413F-973A-E28EE21768B3}.Release (ABse Regional)|x86.ActiveCfg = Release|Any CPU
		{35DCE802-230D-413F-973A-E28EE21768B3}.Release (ABse Regional)|x86.Build.0 = Release|Any CPU
		{35DCE802-230D-413F-973A-E28EE21768B3}.Release (AUse Federal)|Any CPU.ActiveCfg = Release|Any CPU
		{35DCE802-230D-413F-973A-E28EE21768B3}.Release (AUse Federal)|Any CPU.Build.0 = Release|Any CPU
		{35DCE802-230D-413F-973A-E28EE21768B3}.Release (AUse Federal)|x86.ActiveCfg = Release|Any CPU
		{35DCE802-230D-413F-973A-E28EE21768B3}.Release (AUse Federal)|x86.Build.0 = Release|Any CPU
		{35DCE802-230D-413F-973A-E28EE21768B3}.Release (AUse Regional)|Any CPU.ActiveCfg = Release|Any CPU
		{35DCE802-230D-413F-973A-E28EE21768B3}.Release (AUse Regional)|Any CPU.Build.0 = Release|Any CPU
		{35DCE802-230D-413F-973A-E28EE21768B3}.Release (AUse Regional)|x86.ActiveCfg = Release|Any CPU
		{35DCE802-230D-413F-973A-E28EE21768B3}.Release (AUse Regional)|x86.Build.0 = Release|Any CPU
		{35DCE802-230D-413F-973A-E28EE21768B3}.Release (BSE Regional)|Any CPU.ActiveCfg = Release|Any CPU
		{35DCE802-230D-413F-973A-E28EE21768B3}.Release (BSE Regional)|Any CPU.Build.0 = Release|Any CPU
		{35DCE802-230D-413F-973A-E28EE21768B3}.Release (BSE Regional)|x86.ActiveCfg = Release|Any CPU
		{35DCE802-230D-413F-973A-E28EE21768B3}.Release (BSE Regional)|x86.Build.0 = Release|Any CPU
		{35DCE802-230D-413F-973A-E28EE21768B3}.Release (TUSE Federal)|Any CPU.ActiveCfg = Release|Any CPU
		{35DCE802-230D-413F-973A-E28EE21768B3}.Release (TUSE Federal)|Any CPU.Build.0 = Release|Any CPU
		{35DCE802-230D-413F-973A-E28EE21768B3}.Release (TUSE Federal)|x86.ActiveCfg = Release|Any CPU
		{35DCE802-230D-413F-973A-E28EE21768B3}.Release (TUSE Federal)|x86.Build.0 = Release|Any CPU
		{35DCE802-230D-413F-973A-E28EE21768B3}.Release (TUSE Regional)|Any CPU.ActiveCfg = Release|Any CPU
		{35DCE802-230D-413F-973A-E28EE21768B3}.Release (TUSE Regional)|Any CPU.Build.0 = Release|Any CPU
		{35DCE802-230D-413F-973A-E28EE21768B3}.Release (TUSE Regional)|x86.ActiveCfg = Release|Any CPU
		{35DCE802-230D-413F-973A-E28EE21768B3}.Release (TUSE Regional)|x86.Build.0 = Release|Any CPU
		{35DCE802-230D-413F-973A-E28EE21768B3}.Release (USE Federal)|Any CPU.ActiveCfg = Release|Any CPU
		{35DCE802-230D-413F-973A-E28EE21768B3}.Release (USE Federal)|Any CPU.Build.0 = Release|Any CPU
		{35DCE802-230D-413F-973A-E28EE21768B3}.Release (USE Federal)|x86.ActiveCfg = Release|Any CPU
		{35DCE802-230D-413F-973A-E28EE21768B3}.Release (USE Federal)|x86.Build.0 = Release|Any CPU
		{35DCE802-230D-413F-973A-E28EE21768B3}.Release (USE Regional)|Any CPU.ActiveCfg = Release|Any CPU
		{35DCE802-230D-413F-973A-E28EE21768B3}.Release (USE Regional)|Any CPU.Build.0 = Release|Any CPU
		{35DCE802-230D-413F-973A-E28EE21768B3}.Release (USE Regional)|x86.ActiveCfg = Release|Any CPU
		{35DCE802-230D-413F-973A-E28EE21768B3}.Release (USE Regional)|x86.Build.0 = Release|Any CPU
		{35DCE802-230D-413F-973A-E28EE21768B3}.Release Gia9Regional|Any CPU.ActiveCfg = Release|Any CPU
		{35DCE802-230D-413F-973A-E28EE21768B3}.Release Gia9Regional|Any CPU.Build.0 = Release|Any CPU
		{35DCE802-230D-413F-973A-E28EE21768B3}.Release Gia9Regional|x86.ActiveCfg = Release|Any CPU
		{35DCE802-230D-413F-973A-E28EE21768B3}.Release Gia9Regional|x86.Build.0 = Release|Any CPU
		{35DCE802-230D-413F-973A-E28EE21768B3}.Release|Any CPU.ActiveCfg = Release|Any CPU
		{35DCE802-230D-413F-973A-E28EE21768B3}.Release|Any CPU.Build.0 = Release|Any CPU
		{35DCE802-230D-413F-973A-E28EE21768B3}.Release|x86.ActiveCfg = Release|Any CPU
		{35DCE802-230D-413F-973A-E28EE21768B3}.Release|x86.Build.0 = Release|Any CPU
		{8A051C2E-1889-490B-B5FF-E155052AD220}.Debug - ResultsProcessor|Any CPU.ActiveCfg = Debug Gia9Regional|Any CPU
		{8A051C2E-1889-490B-B5FF-E155052AD220}.Debug - ResultsProcessor|Any CPU.Build.0 = Debug Gia9Regional|Any CPU
		{8A051C2E-1889-490B-B5FF-E155052AD220}.Debug - ResultsProcessor|x86.ActiveCfg = Debug Gia9Regional|x86
		{8A051C2E-1889-490B-B5FF-E155052AD220}.Debug - ResultsProcessor|x86.Build.0 = Debug Gia9Regional|x86
		{8A051C2E-1889-490B-B5FF-E155052AD220}.Debug (AUSE Regional)|Any CPU.ActiveCfg = Debug Gia9Regional|Any CPU
		{8A051C2E-1889-490B-B5FF-E155052AD220}.Debug (AUSE Regional)|Any CPU.Build.0 = Debug Gia9Regional|Any CPU
		{8A051C2E-1889-490B-B5FF-E155052AD220}.Debug (AUSE Regional)|x86.ActiveCfg = Debug Gia9Regional|x86
		{8A051C2E-1889-490B-B5FF-E155052AD220}.Debug (AUSE Regional)|x86.Build.0 = Debug Gia9Regional|x86
		{8A051C2E-1889-490B-B5FF-E155052AD220}.Debug (BSE Regional)|Any CPU.ActiveCfg = Debug Gia9Regional|Any CPU
		{8A051C2E-1889-490B-B5FF-E155052AD220}.Debug (BSE Regional)|Any CPU.Build.0 = Debug Gia9Regional|Any CPU
		{8A051C2E-1889-490B-B5FF-E155052AD220}.Debug (BSE Regional)|x86.ActiveCfg = Debug Gia9Regional|x86
		{8A051C2E-1889-490B-B5FF-E155052AD220}.Debug (BSE Regional)|x86.Build.0 = Debug Gia9Regional|x86
		{8A051C2E-1889-490B-B5FF-E155052AD220}.Debug (TBSE Regional)|Any CPU.ActiveCfg = Debug Gia9Regional|Any CPU
		{8A051C2E-1889-490B-B5FF-E155052AD220}.Debug (TBSE Regional)|Any CPU.Build.0 = Debug Gia9Regional|Any CPU
		{8A051C2E-1889-490B-B5FF-E155052AD220}.Debug (TBSE Regional)|x86.ActiveCfg = Debug Gia9Regional|x86
		{8A051C2E-1889-490B-B5FF-E155052AD220}.Debug (TBSE Regional)|x86.Build.0 = Debug Gia9Regional|x86
		{8A051C2E-1889-490B-B5FF-E155052AD220}.Debug (TUSE Federal)|Any CPU.ActiveCfg = Debug Gia9Regional|Any CPU
		{8A051C2E-1889-490B-B5FF-E155052AD220}.Debug (TUSE Federal)|Any CPU.Build.0 = Debug Gia9Regional|Any CPU
		{8A051C2E-1889-490B-B5FF-E155052AD220}.Debug (TUSE Federal)|x86.ActiveCfg = Debug Gia9Regional|x86
		{8A051C2E-1889-490B-B5FF-E155052AD220}.Debug (TUSE Federal)|x86.Build.0 = Debug Gia9Regional|x86
		{8A051C2E-1889-490B-B5FF-E155052AD220}.Debug (TUSE Regional)|Any CPU.ActiveCfg = Debug Gia9Regional|Any CPU
		{8A051C2E-1889-490B-B5FF-E155052AD220}.Debug (TUSE Regional)|Any CPU.Build.0 = Debug Gia9Regional|Any CPU
		{8A051C2E-1889-490B-B5FF-E155052AD220}.Debug (TUSE Regional)|x86.ActiveCfg = Debug Gia9Regional|x86
		{8A051C2E-1889-490B-B5FF-E155052AD220}.Debug (TUSE Regional)|x86.Build.0 = Debug Gia9Regional|x86
		{8A051C2E-1889-490B-B5FF-E155052AD220}.Debug (USE Federal)|Any CPU.ActiveCfg = Debug Gia9Regional|Any CPU
		{8A051C2E-1889-490B-B5FF-E155052AD220}.Debug (USE Federal)|Any CPU.Build.0 = Debug Gia9Regional|Any CPU
		{8A051C2E-1889-490B-B5FF-E155052AD220}.Debug (USE Federal)|x86.ActiveCfg = Debug Gia9Regional|x86
		{8A051C2E-1889-490B-B5FF-E155052AD220}.Debug (USE Federal)|x86.Build.0 = Debug Gia9Regional|x86
		{8A051C2E-1889-490B-B5FF-E155052AD220}.Debug (USE Regional)|Any CPU.ActiveCfg = Debug Gia9Regional|Any CPU
		{8A051C2E-1889-490B-B5FF-E155052AD220}.Debug (USE Regional)|Any CPU.Build.0 = Debug Gia9Regional|Any CPU
		{8A051C2E-1889-490B-B5FF-E155052AD220}.Debug (USE Regional)|x86.ActiveCfg = Debug Gia9Regional|x86
		{8A051C2E-1889-490B-B5FF-E155052AD220}.Debug (USE Regional)|x86.Build.0 = Debug Gia9Regional|x86
		{8A051C2E-1889-490B-B5FF-E155052AD220}.Debug Gia9Regional|Any CPU.ActiveCfg = Debug Gia9Regional|Any CPU
		{8A051C2E-1889-490B-B5FF-E155052AD220}.Debug Gia9Regional|Any CPU.Build.0 = Debug Gia9Regional|Any CPU
		{8A051C2E-1889-490B-B5FF-E155052AD220}.Debug Gia9Regional|x86.ActiveCfg = Debug Gia9Regional|x86
		{8A051C2E-1889-490B-B5FF-E155052AD220}.Debug Gia9Regional|x86.Build.0 = Debug Gia9Regional|x86
		{8A051C2E-1889-490B-B5FF-E155052AD220}.Debug|Any CPU.ActiveCfg = Debug|Any CPU
		{8A051C2E-1889-490B-B5FF-E155052AD220}.Debug|Any CPU.Build.0 = Debug|Any CPU
		{8A051C2E-1889-490B-B5FF-E155052AD220}.Debug|x86.ActiveCfg = Debug|x86
		{8A051C2E-1889-490B-B5FF-E155052AD220}.Debug|x86.Build.0 = Debug|x86
		{8A051C2E-1889-490B-B5FF-E155052AD220}.DebugDotNetCore|Any CPU.ActiveCfg = Debug|Any CPU
		{8A051C2E-1889-490B-B5FF-E155052AD220}.DebugDotNetCore|Any CPU.Build.0 = Debug|Any CPU
		{8A051C2E-1889-490B-B5FF-E155052AD220}.DebugDotNetCore|x86.ActiveCfg = Debug|x86
		{8A051C2E-1889-490B-B5FF-E155052AD220}.DebugDotNetCore|x86.Build.0 = Debug|x86
		{8A051C2E-1889-490B-B5FF-E155052AD220}.Release - ResultsProcessor|Any CPU.ActiveCfg = Release Gia9Regional|Any CPU
		{8A051C2E-1889-490B-B5FF-E155052AD220}.Release - ResultsProcessor|Any CPU.Build.0 = Release Gia9Regional|Any CPU
		{8A051C2E-1889-490B-B5FF-E155052AD220}.Release - ResultsProcessor|x86.ActiveCfg = Release Gia9Regional|x86
		{8A051C2E-1889-490B-B5FF-E155052AD220}.Release - ResultsProcessor|x86.Build.0 = Release Gia9Regional|x86
		{8A051C2E-1889-490B-B5FF-E155052AD220}.Release (ABse Federal)|Any CPU.ActiveCfg = Release Gia9Regional|Any CPU
		{8A051C2E-1889-490B-B5FF-E155052AD220}.Release (ABse Federal)|Any CPU.Build.0 = Release Gia9Regional|Any CPU
		{8A051C2E-1889-490B-B5FF-E155052AD220}.Release (ABse Federal)|x86.ActiveCfg = Release Gia9Regional|x86
		{8A051C2E-1889-490B-B5FF-E155052AD220}.Release (ABse Federal)|x86.Build.0 = Release Gia9Regional|x86
		{8A051C2E-1889-490B-B5FF-E155052AD220}.Release (ABse Regional)|Any CPU.ActiveCfg = Release Gia9Regional|Any CPU
		{8A051C2E-1889-490B-B5FF-E155052AD220}.Release (ABse Regional)|Any CPU.Build.0 = Release Gia9Regional|Any CPU
		{8A051C2E-1889-490B-B5FF-E155052AD220}.Release (ABse Regional)|x86.ActiveCfg = Release Gia9Regional|x86
		{8A051C2E-1889-490B-B5FF-E155052AD220}.Release (ABse Regional)|x86.Build.0 = Release Gia9Regional|x86
		{8A051C2E-1889-490B-B5FF-E155052AD220}.Release (AUse Federal)|Any CPU.ActiveCfg = Release Gia9Regional|Any CPU
		{8A051C2E-1889-490B-B5FF-E155052AD220}.Release (AUse Federal)|Any CPU.Build.0 = Release Gia9Regional|Any CPU
		{8A051C2E-1889-490B-B5FF-E155052AD220}.Release (AUse Federal)|x86.ActiveCfg = Release Gia9Regional|x86
		{8A051C2E-1889-490B-B5FF-E155052AD220}.Release (AUse Federal)|x86.Build.0 = Release Gia9Regional|x86
		{8A051C2E-1889-490B-B5FF-E155052AD220}.Release (AUse Regional)|Any CPU.ActiveCfg = Release Gia9Regional|Any CPU
		{8A051C2E-1889-490B-B5FF-E155052AD220}.Release (AUse Regional)|Any CPU.Build.0 = Release Gia9Regional|Any CPU
		{8A051C2E-1889-490B-B5FF-E155052AD220}.Release (AUse Regional)|x86.ActiveCfg = Release Gia9Regional|x86
		{8A051C2E-1889-490B-B5FF-E155052AD220}.Release (AUse Regional)|x86.Build.0 = Release Gia9Regional|x86
		{8A051C2E-1889-490B-B5FF-E155052AD220}.Release (BSE Regional)|Any CPU.ActiveCfg = Release Gia9Regional|Any CPU
		{8A051C2E-1889-490B-B5FF-E155052AD220}.Release (BSE Regional)|Any CPU.Build.0 = Release Gia9Regional|Any CPU
		{8A051C2E-1889-490B-B5FF-E155052AD220}.Release (BSE Regional)|x86.ActiveCfg = Release Gia9Regional|x86
		{8A051C2E-1889-490B-B5FF-E155052AD220}.Release (BSE Regional)|x86.Build.0 = Release Gia9Regional|x86
		{8A051C2E-1889-490B-B5FF-E155052AD220}.Release (TUSE Federal)|Any CPU.ActiveCfg = Release Gia9Regional|Any CPU
		{8A051C2E-1889-490B-B5FF-E155052AD220}.Release (TUSE Federal)|Any CPU.Build.0 = Release Gia9Regional|Any CPU
		{8A051C2E-1889-490B-B5FF-E155052AD220}.Release (TUSE Federal)|x86.ActiveCfg = Release Gia9Regional|x86
		{8A051C2E-1889-490B-B5FF-E155052AD220}.Release (TUSE Federal)|x86.Build.0 = Release Gia9Regional|x86
		{8A051C2E-1889-490B-B5FF-E155052AD220}.Release (TUSE Regional)|Any CPU.ActiveCfg = Release Gia9Regional|Any CPU
		{8A051C2E-1889-490B-B5FF-E155052AD220}.Release (TUSE Regional)|Any CPU.Build.0 = Release Gia9Regional|Any CPU
		{8A051C2E-1889-490B-B5FF-E155052AD220}.Release (TUSE Regional)|x86.ActiveCfg = Release Gia9Regional|x86
		{8A051C2E-1889-490B-B5FF-E155052AD220}.Release (TUSE Regional)|x86.Build.0 = Release Gia9Regional|x86
		{8A051C2E-1889-490B-B5FF-E155052AD220}.Release (USE Federal)|Any CPU.ActiveCfg = Release Gia9Regional|Any CPU
		{8A051C2E-1889-490B-B5FF-E155052AD220}.Release (USE Federal)|Any CPU.Build.0 = Release Gia9Regional|Any CPU
		{8A051C2E-1889-490B-B5FF-E155052AD220}.Release (USE Federal)|x86.ActiveCfg = Release Gia9Regional|x86
		{8A051C2E-1889-490B-B5FF-E155052AD220}.Release (USE Federal)|x86.Build.0 = Release Gia9Regional|x86
		{8A051C2E-1889-490B-B5FF-E155052AD220}.Release (USE Regional)|Any CPU.ActiveCfg = Release Gia9Regional|Any CPU
		{8A051C2E-1889-490B-B5FF-E155052AD220}.Release (USE Regional)|Any CPU.Build.0 = Release Gia9Regional|Any CPU
		{8A051C2E-1889-490B-B5FF-E155052AD220}.Release (USE Regional)|x86.ActiveCfg = Release Gia9Regional|x86
		{8A051C2E-1889-490B-B5FF-E155052AD220}.Release (USE Regional)|x86.Build.0 = Release Gia9Regional|x86
		{8A051C2E-1889-490B-B5FF-E155052AD220}.Release Gia9Regional|Any CPU.ActiveCfg = Release Gia9Regional|Any CPU
		{8A051C2E-1889-490B-B5FF-E155052AD220}.Release Gia9Regional|Any CPU.Build.0 = Release Gia9Regional|Any CPU
		{8A051C2E-1889-490B-B5FF-E155052AD220}.Release Gia9Regional|x86.ActiveCfg = Release Gia9Regional|x86
		{8A051C2E-1889-490B-B5FF-E155052AD220}.Release Gia9Regional|x86.Build.0 = Release Gia9Regional|x86
		{8A051C2E-1889-490B-B5FF-E155052AD220}.Release|Any CPU.ActiveCfg = Release|Any CPU
		{8A051C2E-1889-490B-B5FF-E155052AD220}.Release|Any CPU.Build.0 = Release|Any CPU
		{8A051C2E-1889-490B-B5FF-E155052AD220}.Release|x86.ActiveCfg = Release|x86
		{8A051C2E-1889-490B-B5FF-E155052AD220}.Release|x86.Build.0 = Release|x86
		{D45324F7-3FC1-431F-9F71-D814994EC005}.Debug - ResultsProcessor|Any CPU.ActiveCfg = Debug - ResultsProcessor|Any CPU
		{D45324F7-3FC1-431F-9F71-D814994EC005}.Debug - ResultsProcessor|Any CPU.Build.0 = Debug - ResultsProcessor|Any CPU
		{D45324F7-3FC1-431F-9F71-D814994EC005}.Debug - ResultsProcessor|x86.ActiveCfg = Debug - ResultsProcessor|x86
		{D45324F7-3FC1-431F-9F71-D814994EC005}.Debug - ResultsProcessor|x86.Build.0 = Debug - ResultsProcessor|x86
		{D45324F7-3FC1-431F-9F71-D814994EC005}.Debug (AUSE Regional)|Any CPU.ActiveCfg = Debug - ResultsProcessor|Any CPU
		{D45324F7-3FC1-431F-9F71-D814994EC005}.Debug (AUSE Regional)|Any CPU.Build.0 = Debug - ResultsProcessor|Any CPU
		{D45324F7-3FC1-431F-9F71-D814994EC005}.Debug (AUSE Regional)|x86.ActiveCfg = Debug - ResultsProcessor|x86
		{D45324F7-3FC1-431F-9F71-D814994EC005}.Debug (AUSE Regional)|x86.Build.0 = Debug - ResultsProcessor|x86
		{D45324F7-3FC1-431F-9F71-D814994EC005}.Debug (BSE Regional)|Any CPU.ActiveCfg = Debug - ResultsProcessor|Any CPU
		{D45324F7-3FC1-431F-9F71-D814994EC005}.Debug (BSE Regional)|Any CPU.Build.0 = Debug - ResultsProcessor|Any CPU
		{D45324F7-3FC1-431F-9F71-D814994EC005}.Debug (BSE Regional)|x86.ActiveCfg = Debug - ResultsProcessor|x86
		{D45324F7-3FC1-431F-9F71-D814994EC005}.Debug (BSE Regional)|x86.Build.0 = Debug - ResultsProcessor|x86
		{D45324F7-3FC1-431F-9F71-D814994EC005}.Debug (TBSE Regional)|Any CPU.ActiveCfg = Debug - ResultsProcessor|Any CPU
		{D45324F7-3FC1-431F-9F71-D814994EC005}.Debug (TBSE Regional)|Any CPU.Build.0 = Debug - ResultsProcessor|Any CPU
		{D45324F7-3FC1-431F-9F71-D814994EC005}.Debug (TBSE Regional)|x86.ActiveCfg = Debug - ResultsProcessor|x86
		{D45324F7-3FC1-431F-9F71-D814994EC005}.Debug (TBSE Regional)|x86.Build.0 = Debug - ResultsProcessor|x86
		{D45324F7-3FC1-431F-9F71-D814994EC005}.Debug (TUSE Federal)|Any CPU.ActiveCfg = Debug - ResultsProcessor|Any CPU
		{D45324F7-3FC1-431F-9F71-D814994EC005}.Debug (TUSE Federal)|Any CPU.Build.0 = Debug - ResultsProcessor|Any CPU
		{D45324F7-3FC1-431F-9F71-D814994EC005}.Debug (TUSE Federal)|x86.ActiveCfg = Debug - ResultsProcessor|x86
		{D45324F7-3FC1-431F-9F71-D814994EC005}.Debug (TUSE Federal)|x86.Build.0 = Debug - ResultsProcessor|x86
		{D45324F7-3FC1-431F-9F71-D814994EC005}.Debug (TUSE Regional)|Any CPU.ActiveCfg = Debug - ResultsProcessor|Any CPU
		{D45324F7-3FC1-431F-9F71-D814994EC005}.Debug (TUSE Regional)|Any CPU.Build.0 = Debug - ResultsProcessor|Any CPU
		{D45324F7-3FC1-431F-9F71-D814994EC005}.Debug (TUSE Regional)|x86.ActiveCfg = Debug - ResultsProcessor|x86
		{D45324F7-3FC1-431F-9F71-D814994EC005}.Debug (TUSE Regional)|x86.Build.0 = Debug - ResultsProcessor|x86
		{D45324F7-3FC1-431F-9F71-D814994EC005}.Debug (USE Federal)|Any CPU.ActiveCfg = Debug - ResultsProcessor|Any CPU
		{D45324F7-3FC1-431F-9F71-D814994EC005}.Debug (USE Federal)|Any CPU.Build.0 = Debug - ResultsProcessor|Any CPU
		{D45324F7-3FC1-431F-9F71-D814994EC005}.Debug (USE Federal)|x86.ActiveCfg = Debug - ResultsProcessor|x86
		{D45324F7-3FC1-431F-9F71-D814994EC005}.Debug (USE Federal)|x86.Build.0 = Debug - ResultsProcessor|x86
		{D45324F7-3FC1-431F-9F71-D814994EC005}.Debug (USE Regional)|Any CPU.ActiveCfg = Debug - ResultsProcessor|Any CPU
		{D45324F7-3FC1-431F-9F71-D814994EC005}.Debug (USE Regional)|Any CPU.Build.0 = Debug - ResultsProcessor|Any CPU
		{D45324F7-3FC1-431F-9F71-D814994EC005}.Debug (USE Regional)|x86.ActiveCfg = Debug - ResultsProcessor|x86
		{D45324F7-3FC1-431F-9F71-D814994EC005}.Debug (USE Regional)|x86.Build.0 = Debug - ResultsProcessor|x86
		{D45324F7-3FC1-431F-9F71-D814994EC005}.Debug Gia9Regional|Any CPU.ActiveCfg = Debug Gia9Regional|Any CPU
		{D45324F7-3FC1-431F-9F71-D814994EC005}.Debug Gia9Regional|Any CPU.Build.0 = Debug Gia9Regional|Any CPU
		{D45324F7-3FC1-431F-9F71-D814994EC005}.Debug Gia9Regional|x86.ActiveCfg = Debug Gia9Regional|x86
		{D45324F7-3FC1-431F-9F71-D814994EC005}.Debug Gia9Regional|x86.Build.0 = Debug Gia9Regional|x86
		{D45324F7-3FC1-431F-9F71-D814994EC005}.Debug|Any CPU.ActiveCfg = Debug|Any CPU
		{D45324F7-3FC1-431F-9F71-D814994EC005}.Debug|Any CPU.Build.0 = Debug|Any CPU
		{D45324F7-3FC1-431F-9F71-D814994EC005}.Debug|x86.ActiveCfg = Debug|x86
		{D45324F7-3FC1-431F-9F71-D814994EC005}.Debug|x86.Build.0 = Debug|x86
		{D45324F7-3FC1-431F-9F71-D814994EC005}.DebugDotNetCore|Any CPU.ActiveCfg = Debug|Any CPU
		{D45324F7-3FC1-431F-9F71-D814994EC005}.DebugDotNetCore|Any CPU.Build.0 = Debug|Any CPU
		{D45324F7-3FC1-431F-9F71-D814994EC005}.DebugDotNetCore|x86.ActiveCfg = Debug|x86
		{D45324F7-3FC1-431F-9F71-D814994EC005}.DebugDotNetCore|x86.Build.0 = Debug|x86
		{D45324F7-3FC1-431F-9F71-D814994EC005}.Release - ResultsProcessor|Any CPU.ActiveCfg = Release - ResultsProcessor|Any CPU
		{D45324F7-3FC1-431F-9F71-D814994EC005}.Release - ResultsProcessor|Any CPU.Build.0 = Release - ResultsProcessor|Any CPU
		{D45324F7-3FC1-431F-9F71-D814994EC005}.Release - ResultsProcessor|x86.ActiveCfg = Release - ResultsProcessor|x86
		{D45324F7-3FC1-431F-9F71-D814994EC005}.Release - ResultsProcessor|x86.Build.0 = Release - ResultsProcessor|x86
		{D45324F7-3FC1-431F-9F71-D814994EC005}.Release (ABse Federal)|Any CPU.ActiveCfg = Release - ResultsProcessor|Any CPU
		{D45324F7-3FC1-431F-9F71-D814994EC005}.Release (ABse Federal)|Any CPU.Build.0 = Release - ResultsProcessor|Any CPU
		{D45324F7-3FC1-431F-9F71-D814994EC005}.Release (ABse Federal)|x86.ActiveCfg = Release - ResultsProcessor|x86
		{D45324F7-3FC1-431F-9F71-D814994EC005}.Release (ABse Federal)|x86.Build.0 = Release - ResultsProcessor|x86
		{D45324F7-3FC1-431F-9F71-D814994EC005}.Release (ABse Regional)|Any CPU.ActiveCfg = Release - ResultsProcessor|Any CPU
		{D45324F7-3FC1-431F-9F71-D814994EC005}.Release (ABse Regional)|Any CPU.Build.0 = Release - ResultsProcessor|Any CPU
		{D45324F7-3FC1-431F-9F71-D814994EC005}.Release (ABse Regional)|x86.ActiveCfg = Release - ResultsProcessor|x86
		{D45324F7-3FC1-431F-9F71-D814994EC005}.Release (ABse Regional)|x86.Build.0 = Release - ResultsProcessor|x86
		{D45324F7-3FC1-431F-9F71-D814994EC005}.Release (AUse Federal)|Any CPU.ActiveCfg = Release - ResultsProcessor|Any CPU
		{D45324F7-3FC1-431F-9F71-D814994EC005}.Release (AUse Federal)|Any CPU.Build.0 = Release - ResultsProcessor|Any CPU
		{D45324F7-3FC1-431F-9F71-D814994EC005}.Release (AUse Federal)|x86.ActiveCfg = Release - ResultsProcessor|x86
		{D45324F7-3FC1-431F-9F71-D814994EC005}.Release (AUse Federal)|x86.Build.0 = Release - ResultsProcessor|x86
		{D45324F7-3FC1-431F-9F71-D814994EC005}.Release (AUse Regional)|Any CPU.ActiveCfg = Release - ResultsProcessor|Any CPU
		{D45324F7-3FC1-431F-9F71-D814994EC005}.Release (AUse Regional)|Any CPU.Build.0 = Release - ResultsProcessor|Any CPU
		{D45324F7-3FC1-431F-9F71-D814994EC005}.Release (AUse Regional)|x86.ActiveCfg = Release - ResultsProcessor|x86
		{D45324F7-3FC1-431F-9F71-D814994EC005}.Release (AUse Regional)|x86.Build.0 = Release - ResultsProcessor|x86
		{D45324F7-3FC1-431F-9F71-D814994EC005}.Release (BSE Regional)|Any CPU.ActiveCfg = Release - ResultsProcessor|Any CPU
		{D45324F7-3FC1-431F-9F71-D814994EC005}.Release (BSE Regional)|Any CPU.Build.0 = Release - ResultsProcessor|Any CPU
		{D45324F7-3FC1-431F-9F71-D814994EC005}.Release (BSE Regional)|x86.ActiveCfg = Release - ResultsProcessor|x86
		{D45324F7-3FC1-431F-9F71-D814994EC005}.Release (BSE Regional)|x86.Build.0 = Release - ResultsProcessor|x86
		{D45324F7-3FC1-431F-9F71-D814994EC005}.Release (TUSE Federal)|Any CPU.ActiveCfg = Release - ResultsProcessor|Any CPU
		{D45324F7-3FC1-431F-9F71-D814994EC005}.Release (TUSE Federal)|Any CPU.Build.0 = Release - ResultsProcessor|Any CPU
		{D45324F7-3FC1-431F-9F71-D814994EC005}.Release (TUSE Federal)|x86.ActiveCfg = Release - ResultsProcessor|x86
		{D45324F7-3FC1-431F-9F71-D814994EC005}.Release (TUSE Federal)|x86.Build.0 = Release - ResultsProcessor|x86
		{D45324F7-3FC1-431F-9F71-D814994EC005}.Release (TUSE Regional)|Any CPU.ActiveCfg = Release - ResultsProcessor|Any CPU
		{D45324F7-3FC1-431F-9F71-D814994EC005}.Release (TUSE Regional)|Any CPU.Build.0 = Release - ResultsProcessor|Any CPU
		{D45324F7-3FC1-431F-9F71-D814994EC005}.Release (TUSE Regional)|x86.ActiveCfg = Release - ResultsProcessor|x86
		{D45324F7-3FC1-431F-9F71-D814994EC005}.Release (TUSE Regional)|x86.Build.0 = Release - ResultsProcessor|x86
		{D45324F7-3FC1-431F-9F71-D814994EC005}.Release (USE Federal)|Any CPU.ActiveCfg = Release - ResultsProcessor|Any CPU
		{D45324F7-3FC1-431F-9F71-D814994EC005}.Release (USE Federal)|Any CPU.Build.0 = Release - ResultsProcessor|Any CPU
		{D45324F7-3FC1-431F-9F71-D814994EC005}.Release (USE Federal)|x86.ActiveCfg = Release - ResultsProcessor|x86
		{D45324F7-3FC1-431F-9F71-D814994EC005}.Release (USE Federal)|x86.Build.0 = Release - ResultsProcessor|x86
		{D45324F7-3FC1-431F-9F71-D814994EC005}.Release (USE Regional)|Any CPU.ActiveCfg = Release - ResultsProcessor|Any CPU
		{D45324F7-3FC1-431F-9F71-D814994EC005}.Release (USE Regional)|Any CPU.Build.0 = Release - ResultsProcessor|Any CPU
		{D45324F7-3FC1-431F-9F71-D814994EC005}.Release (USE Regional)|x86.ActiveCfg = Release - ResultsProcessor|x86
		{D45324F7-3FC1-431F-9F71-D814994EC005}.Release (USE Regional)|x86.Build.0 = Release - ResultsProcessor|x86
		{D45324F7-3FC1-431F-9F71-D814994EC005}.Release Gia9Regional|Any CPU.ActiveCfg = Release Gia9Regional|Any CPU
		{D45324F7-3FC1-431F-9F71-D814994EC005}.Release Gia9Regional|Any CPU.Build.0 = Release Gia9Regional|Any CPU
		{D45324F7-3FC1-431F-9F71-D814994EC005}.Release Gia9Regional|x86.ActiveCfg = Release Gia9Regional|x86
		{D45324F7-3FC1-431F-9F71-D814994EC005}.Release Gia9Regional|x86.Build.0 = Release Gia9Regional|x86
		{D45324F7-3FC1-431F-9F71-D814994EC005}.Release|Any CPU.ActiveCfg = Release|Any CPU
		{D45324F7-3FC1-431F-9F71-D814994EC005}.Release|Any CPU.Build.0 = Release|Any CPU
		{D45324F7-3FC1-431F-9F71-D814994EC005}.Release|x86.ActiveCfg = Release|x86
		{D45324F7-3FC1-431F-9F71-D814994EC005}.Release|x86.Build.0 = Release|x86
		{CD6CE5BE-C050-4A71-B833-DBDFDDF1D0FD}.Debug - ResultsProcessor|Any CPU.ActiveCfg = Debug (TUSE Regional)|Any CPU
		{CD6CE5BE-C050-4A71-B833-DBDFDDF1D0FD}.Debug - ResultsProcessor|Any CPU.Build.0 = Debug (TUSE Regional)|Any CPU
		{CD6CE5BE-C050-4A71-B833-DBDFDDF1D0FD}.Debug - ResultsProcessor|x86.ActiveCfg = Debug (TUSE Regional)|x86
		{CD6CE5BE-C050-4A71-B833-DBDFDDF1D0FD}.Debug - ResultsProcessor|x86.Build.0 = Debug (TUSE Regional)|x86
		{CD6CE5BE-C050-4A71-B833-DBDFDDF1D0FD}.Debug (AUSE Regional)|Any CPU.ActiveCfg = Debug (AUSE Regional)|Any CPU
		{CD6CE5BE-C050-4A71-B833-DBDFDDF1D0FD}.Debug (AUSE Regional)|Any CPU.Build.0 = Debug (AUSE Regional)|Any CPU
		{CD6CE5BE-C050-4A71-B833-DBDFDDF1D0FD}.Debug (AUSE Regional)|x86.ActiveCfg = Debug (AUSE Regional)|x86
		{CD6CE5BE-C050-4A71-B833-DBDFDDF1D0FD}.Debug (AUSE Regional)|x86.Build.0 = Debug (AUSE Regional)|x86
		{CD6CE5BE-C050-4A71-B833-DBDFDDF1D0FD}.Debug (BSE Regional)|Any CPU.ActiveCfg = Debug (BSE Regional)|Any CPU
		{CD6CE5BE-C050-4A71-B833-DBDFDDF1D0FD}.Debug (BSE Regional)|Any CPU.Build.0 = Debug (BSE Regional)|Any CPU
		{CD6CE5BE-C050-4A71-B833-DBDFDDF1D0FD}.Debug (BSE Regional)|x86.ActiveCfg = Debug (BSE Regional)|x86
		{CD6CE5BE-C050-4A71-B833-DBDFDDF1D0FD}.Debug (BSE Regional)|x86.Build.0 = Debug (BSE Regional)|x86
		{CD6CE5BE-C050-4A71-B833-DBDFDDF1D0FD}.Debug (TBSE Regional)|Any CPU.ActiveCfg = Debug (TBSE Regional)|Any CPU
		{CD6CE5BE-C050-4A71-B833-DBDFDDF1D0FD}.Debug (TBSE Regional)|Any CPU.Build.0 = Debug (TBSE Regional)|Any CPU
		{CD6CE5BE-C050-4A71-B833-DBDFDDF1D0FD}.Debug (TBSE Regional)|x86.ActiveCfg = Debug (TBSE Regional)|x86
		{CD6CE5BE-C050-4A71-B833-DBDFDDF1D0FD}.Debug (TBSE Regional)|x86.Build.0 = Debug (TBSE Regional)|x86
		{CD6CE5BE-C050-4A71-B833-DBDFDDF1D0FD}.Debug (TUSE Federal)|Any CPU.ActiveCfg = Debug (TUSE Federal)|Any CPU
		{CD6CE5BE-C050-4A71-B833-DBDFDDF1D0FD}.Debug (TUSE Federal)|Any CPU.Build.0 = Debug (TUSE Federal)|Any CPU
		{CD6CE5BE-C050-4A71-B833-DBDFDDF1D0FD}.Debug (TUSE Federal)|x86.ActiveCfg = Debug (TUSE Federal)|x86
		{CD6CE5BE-C050-4A71-B833-DBDFDDF1D0FD}.Debug (TUSE Federal)|x86.Build.0 = Debug (TUSE Federal)|x86
		{CD6CE5BE-C050-4A71-B833-DBDFDDF1D0FD}.Debug (TUSE Regional)|Any CPU.ActiveCfg = Debug (TUSE Regional)|Any CPU
		{CD6CE5BE-C050-4A71-B833-DBDFDDF1D0FD}.Debug (TUSE Regional)|Any CPU.Build.0 = Debug (TUSE Regional)|Any CPU
		{CD6CE5BE-C050-4A71-B833-DBDFDDF1D0FD}.Debug (TUSE Regional)|x86.ActiveCfg = Debug (TUSE Regional)|x86
		{CD6CE5BE-C050-4A71-B833-DBDFDDF1D0FD}.Debug (TUSE Regional)|x86.Build.0 = Debug (TUSE Regional)|x86
		{CD6CE5BE-C050-4A71-B833-DBDFDDF1D0FD}.Debug (USE Federal)|Any CPU.ActiveCfg = Debug (USE Federal)|Any CPU
		{CD6CE5BE-C050-4A71-B833-DBDFDDF1D0FD}.Debug (USE Federal)|Any CPU.Build.0 = Debug (USE Federal)|Any CPU
		{CD6CE5BE-C050-4A71-B833-DBDFDDF1D0FD}.Debug (USE Federal)|x86.ActiveCfg = Debug (USE Federal)|x86
		{CD6CE5BE-C050-4A71-B833-DBDFDDF1D0FD}.Debug (USE Federal)|x86.Build.0 = Debug (USE Federal)|x86
		{CD6CE5BE-C050-4A71-B833-DBDFDDF1D0FD}.Debug (USE Regional)|Any CPU.ActiveCfg = Debug (USE Regional)|Any CPU
		{CD6CE5BE-C050-4A71-B833-DBDFDDF1D0FD}.Debug (USE Regional)|Any CPU.Build.0 = Debug (USE Regional)|Any CPU
		{CD6CE5BE-C050-4A71-B833-DBDFDDF1D0FD}.Debug (USE Regional)|x86.ActiveCfg = Debug (USE Regional)|x86
		{CD6CE5BE-C050-4A71-B833-DBDFDDF1D0FD}.Debug (USE Regional)|x86.Build.0 = Debug (USE Regional)|x86
		{CD6CE5BE-C050-4A71-B833-DBDFDDF1D0FD}.Debug Gia9Regional|Any CPU.ActiveCfg = Debug (TUSE Regional)|Any CPU
		{CD6CE5BE-C050-4A71-B833-DBDFDDF1D0FD}.Debug Gia9Regional|Any CPU.Build.0 = Debug (TUSE Regional)|Any CPU
		{CD6CE5BE-C050-4A71-B833-DBDFDDF1D0FD}.Debug Gia9Regional|x86.ActiveCfg = Debug (TUSE Regional)|x86
		{CD6CE5BE-C050-4A71-B833-DBDFDDF1D0FD}.Debug Gia9Regional|x86.Build.0 = Debug (TUSE Regional)|x86
		{CD6CE5BE-C050-4A71-B833-DBDFDDF1D0FD}.Debug|Any CPU.ActiveCfg = Debug|Any CPU
		{CD6CE5BE-C050-4A71-B833-DBDFDDF1D0FD}.Debug|Any CPU.Build.0 = Debug|Any CPU
		{CD6CE5BE-C050-4A71-B833-DBDFDDF1D0FD}.Debug|x86.ActiveCfg = Debug|x86
		{CD6CE5BE-C050-4A71-B833-DBDFDDF1D0FD}.Debug|x86.Build.0 = Debug|x86
		{CD6CE5BE-C050-4A71-B833-DBDFDDF1D0FD}.DebugDotNetCore|Any CPU.ActiveCfg = Debug|Any CPU
		{CD6CE5BE-C050-4A71-B833-DBDFDDF1D0FD}.DebugDotNetCore|Any CPU.Build.0 = Debug|Any CPU
		{CD6CE5BE-C050-4A71-B833-DBDFDDF1D0FD}.DebugDotNetCore|x86.ActiveCfg = Debug|x86
		{CD6CE5BE-C050-4A71-B833-DBDFDDF1D0FD}.DebugDotNetCore|x86.Build.0 = Debug|x86
		{CD6CE5BE-C050-4A71-B833-DBDFDDF1D0FD}.Release - ResultsProcessor|Any CPU.ActiveCfg = Release (USE Regional)|Any CPU
		{CD6CE5BE-C050-4A71-B833-DBDFDDF1D0FD}.Release - ResultsProcessor|Any CPU.Build.0 = Release (USE Regional)|Any CPU
		{CD6CE5BE-C050-4A71-B833-DBDFDDF1D0FD}.Release - ResultsProcessor|x86.ActiveCfg = Release (USE Regional)|x86
		{CD6CE5BE-C050-4A71-B833-DBDFDDF1D0FD}.Release - ResultsProcessor|x86.Build.0 = Release (USE Regional)|x86
		{CD6CE5BE-C050-4A71-B833-DBDFDDF1D0FD}.Release (ABse Federal)|Any CPU.ActiveCfg = Release (ABse Federal)|Any CPU
		{CD6CE5BE-C050-4A71-B833-DBDFDDF1D0FD}.Release (ABse Federal)|Any CPU.Build.0 = Release (ABse Federal)|Any CPU
		{CD6CE5BE-C050-4A71-B833-DBDFDDF1D0FD}.Release (ABse Federal)|x86.ActiveCfg = Release (ABse Federal)|x86
		{CD6CE5BE-C050-4A71-B833-DBDFDDF1D0FD}.Release (ABse Federal)|x86.Build.0 = Release (ABse Federal)|x86
		{CD6CE5BE-C050-4A71-B833-DBDFDDF1D0FD}.Release (ABse Regional)|Any CPU.ActiveCfg = Release (ABse Regional)|Any CPU
		{CD6CE5BE-C050-4A71-B833-DBDFDDF1D0FD}.Release (ABse Regional)|Any CPU.Build.0 = Release (ABse Regional)|Any CPU
		{CD6CE5BE-C050-4A71-B833-DBDFDDF1D0FD}.Release (ABse Regional)|x86.ActiveCfg = Release (ABse Regional)|x86
		{CD6CE5BE-C050-4A71-B833-DBDFDDF1D0FD}.Release (ABse Regional)|x86.Build.0 = Release (ABse Regional)|x86
		{CD6CE5BE-C050-4A71-B833-DBDFDDF1D0FD}.Release (AUse Federal)|Any CPU.ActiveCfg = Release (AUse Federal)|Any CPU
		{CD6CE5BE-C050-4A71-B833-DBDFDDF1D0FD}.Release (AUse Federal)|Any CPU.Build.0 = Release (AUse Federal)|Any CPU
		{CD6CE5BE-C050-4A71-B833-DBDFDDF1D0FD}.Release (AUse Federal)|x86.ActiveCfg = Release (AUse Federal)|x86
		{CD6CE5BE-C050-4A71-B833-DBDFDDF1D0FD}.Release (AUse Federal)|x86.Build.0 = Release (AUse Federal)|x86
		{CD6CE5BE-C050-4A71-B833-DBDFDDF1D0FD}.Release (AUse Regional)|Any CPU.ActiveCfg = Release (AUse Regional)|Any CPU
		{CD6CE5BE-C050-4A71-B833-DBDFDDF1D0FD}.Release (AUse Regional)|Any CPU.Build.0 = Release (AUse Regional)|Any CPU
		{CD6CE5BE-C050-4A71-B833-DBDFDDF1D0FD}.Release (AUse Regional)|x86.ActiveCfg = Release (AUse Regional)|x86
		{CD6CE5BE-C050-4A71-B833-DBDFDDF1D0FD}.Release (AUse Regional)|x86.Build.0 = Release (AUse Regional)|x86
		{CD6CE5BE-C050-4A71-B833-DBDFDDF1D0FD}.Release (BSE Regional)|Any CPU.ActiveCfg = Release (BSE Regional)|Any CPU
		{CD6CE5BE-C050-4A71-B833-DBDFDDF1D0FD}.Release (BSE Regional)|Any CPU.Build.0 = Release (BSE Regional)|Any CPU
		{CD6CE5BE-C050-4A71-B833-DBDFDDF1D0FD}.Release (BSE Regional)|x86.ActiveCfg = Release (BSE Regional)|x86
		{CD6CE5BE-C050-4A71-B833-DBDFDDF1D0FD}.Release (BSE Regional)|x86.Build.0 = Release (BSE Regional)|x86
		{CD6CE5BE-C050-4A71-B833-DBDFDDF1D0FD}.Release (TUSE Federal)|Any CPU.ActiveCfg = Release (TUSE Federal)|Any CPU
		{CD6CE5BE-C050-4A71-B833-DBDFDDF1D0FD}.Release (TUSE Federal)|Any CPU.Build.0 = Release (TUSE Federal)|Any CPU
		{CD6CE5BE-C050-4A71-B833-DBDFDDF1D0FD}.Release (TUSE Federal)|x86.ActiveCfg = Release (TUSE Federal)|x86
		{CD6CE5BE-C050-4A71-B833-DBDFDDF1D0FD}.Release (TUSE Federal)|x86.Build.0 = Release (TUSE Federal)|x86
		{CD6CE5BE-C050-4A71-B833-DBDFDDF1D0FD}.Release (TUSE Regional)|Any CPU.ActiveCfg = Release (TUSE Regional)|Any CPU
		{CD6CE5BE-C050-4A71-B833-DBDFDDF1D0FD}.Release (TUSE Regional)|Any CPU.Build.0 = Release (TUSE Regional)|Any CPU
		{CD6CE5BE-C050-4A71-B833-DBDFDDF1D0FD}.Release (TUSE Regional)|x86.ActiveCfg = Release (TUSE Regional)|x86
		{CD6CE5BE-C050-4A71-B833-DBDFDDF1D0FD}.Release (TUSE Regional)|x86.Build.0 = Release (TUSE Regional)|x86
		{CD6CE5BE-C050-4A71-B833-DBDFDDF1D0FD}.Release (USE Federal)|Any CPU.ActiveCfg = Release (USE Federal)|Any CPU
		{CD6CE5BE-C050-4A71-B833-DBDFDDF1D0FD}.Release (USE Federal)|Any CPU.Build.0 = Release (USE Federal)|Any CPU
		{CD6CE5BE-C050-4A71-B833-DBDFDDF1D0FD}.Release (USE Federal)|x86.ActiveCfg = Release (USE Federal)|x86
		{CD6CE5BE-C050-4A71-B833-DBDFDDF1D0FD}.Release (USE Federal)|x86.Build.0 = Release (USE Federal)|x86
		{CD6CE5BE-C050-4A71-B833-DBDFDDF1D0FD}.Release (USE Regional)|Any CPU.ActiveCfg = Release (USE Regional)|Any CPU
		{CD6CE5BE-C050-4A71-B833-DBDFDDF1D0FD}.Release (USE Regional)|Any CPU.Build.0 = Release (USE Regional)|Any CPU
		{CD6CE5BE-C050-4A71-B833-DBDFDDF1D0FD}.Release (USE Regional)|x86.ActiveCfg = Release (USE Regional)|x86
		{CD6CE5BE-C050-4A71-B833-DBDFDDF1D0FD}.Release (USE Regional)|x86.Build.0 = Release (USE Regional)|x86
		{CD6CE5BE-C050-4A71-B833-DBDFDDF1D0FD}.Release Gia9Regional|Any CPU.ActiveCfg = Release (USE Regional)|Any CPU
		{CD6CE5BE-C050-4A71-B833-DBDFDDF1D0FD}.Release Gia9Regional|Any CPU.Build.0 = Release (USE Regional)|Any CPU
		{CD6CE5BE-C050-4A71-B833-DBDFDDF1D0FD}.Release Gia9Regional|x86.ActiveCfg = Release (USE Regional)|x86
		{CD6CE5BE-C050-4A71-B833-DBDFDDF1D0FD}.Release Gia9Regional|x86.Build.0 = Release (USE Regional)|x86
		{CD6CE5BE-C050-4A71-B833-DBDFDDF1D0FD}.Release|Any CPU.ActiveCfg = Release|Any CPU
		{CD6CE5BE-C050-4A71-B833-DBDFDDF1D0FD}.Release|Any CPU.Build.0 = Release|Any CPU
		{CD6CE5BE-C050-4A71-B833-DBDFDDF1D0FD}.Release|x86.ActiveCfg = Release|x86
		{CD6CE5BE-C050-4A71-B833-DBDFDDF1D0FD}.Release|x86.Build.0 = Release|x86
		{65C5264D-6DCF-43E2-B5C2-2C6BC1DE511E}.Debug - ResultsProcessor|Any CPU.ActiveCfg = Debug Gia9Regional|Any CPU
		{65C5264D-6DCF-43E2-B5C2-2C6BC1DE511E}.Debug - ResultsProcessor|Any CPU.Build.0 = Debug Gia9Regional|Any CPU
		{65C5264D-6DCF-43E2-B5C2-2C6BC1DE511E}.Debug - ResultsProcessor|x86.ActiveCfg = Debug Gia9Regional|x86
		{65C5264D-6DCF-43E2-B5C2-2C6BC1DE511E}.Debug - ResultsProcessor|x86.Build.0 = Debug Gia9Regional|x86
		{65C5264D-6DCF-43E2-B5C2-2C6BC1DE511E}.Debug (AUSE Regional)|Any CPU.ActiveCfg = Debug Gia9Regional|Any CPU
		{65C5264D-6DCF-43E2-B5C2-2C6BC1DE511E}.Debug (AUSE Regional)|Any CPU.Build.0 = Debug Gia9Regional|Any CPU
		{65C5264D-6DCF-43E2-B5C2-2C6BC1DE511E}.Debug (AUSE Regional)|x86.ActiveCfg = Debug Gia9Regional|x86
		{65C5264D-6DCF-43E2-B5C2-2C6BC1DE511E}.Debug (AUSE Regional)|x86.Build.0 = Debug Gia9Regional|x86
		{65C5264D-6DCF-43E2-B5C2-2C6BC1DE511E}.Debug (BSE Regional)|Any CPU.ActiveCfg = Debug Gia9Regional|Any CPU
		{65C5264D-6DCF-43E2-B5C2-2C6BC1DE511E}.Debug (BSE Regional)|Any CPU.Build.0 = Debug Gia9Regional|Any CPU
		{65C5264D-6DCF-43E2-B5C2-2C6BC1DE511E}.Debug (BSE Regional)|x86.ActiveCfg = Debug Gia9Regional|x86
		{65C5264D-6DCF-43E2-B5C2-2C6BC1DE511E}.Debug (BSE Regional)|x86.Build.0 = Debug Gia9Regional|x86
		{65C5264D-6DCF-43E2-B5C2-2C6BC1DE511E}.Debug (TBSE Regional)|Any CPU.ActiveCfg = Debug Gia9Regional|Any CPU
		{65C5264D-6DCF-43E2-B5C2-2C6BC1DE511E}.Debug (TBSE Regional)|Any CPU.Build.0 = Debug Gia9Regional|Any CPU
		{65C5264D-6DCF-43E2-B5C2-2C6BC1DE511E}.Debug (TBSE Regional)|x86.ActiveCfg = Debug Gia9Regional|x86
		{65C5264D-6DCF-43E2-B5C2-2C6BC1DE511E}.Debug (TBSE Regional)|x86.Build.0 = Debug Gia9Regional|x86
		{65C5264D-6DCF-43E2-B5C2-2C6BC1DE511E}.Debug (TUSE Federal)|Any CPU.ActiveCfg = Debug Gia9Regional|Any CPU
		{65C5264D-6DCF-43E2-B5C2-2C6BC1DE511E}.Debug (TUSE Federal)|Any CPU.Build.0 = Debug Gia9Regional|Any CPU
		{65C5264D-6DCF-43E2-B5C2-2C6BC1DE511E}.Debug (TUSE Federal)|x86.ActiveCfg = Debug Gia9Regional|x86
		{65C5264D-6DCF-43E2-B5C2-2C6BC1DE511E}.Debug (TUSE Federal)|x86.Build.0 = Debug Gia9Regional|x86
		{65C5264D-6DCF-43E2-B5C2-2C6BC1DE511E}.Debug (TUSE Regional)|Any CPU.ActiveCfg = Debug Gia9Regional|Any CPU
		{65C5264D-6DCF-43E2-B5C2-2C6BC1DE511E}.Debug (TUSE Regional)|Any CPU.Build.0 = Debug Gia9Regional|Any CPU
		{65C5264D-6DCF-43E2-B5C2-2C6BC1DE511E}.Debug (TUSE Regional)|x86.ActiveCfg = Debug Gia9Regional|x86
		{65C5264D-6DCF-43E2-B5C2-2C6BC1DE511E}.Debug (TUSE Regional)|x86.Build.0 = Debug Gia9Regional|x86
		{65C5264D-6DCF-43E2-B5C2-2C6BC1DE511E}.Debug (USE Federal)|Any CPU.ActiveCfg = Debug Gia9Regional|Any CPU
		{65C5264D-6DCF-43E2-B5C2-2C6BC1DE511E}.Debug (USE Federal)|Any CPU.Build.0 = Debug Gia9Regional|Any CPU
		{65C5264D-6DCF-43E2-B5C2-2C6BC1DE511E}.Debug (USE Federal)|x86.ActiveCfg = Debug Gia9Regional|x86
		{65C5264D-6DCF-43E2-B5C2-2C6BC1DE511E}.Debug (USE Federal)|x86.Build.0 = Debug Gia9Regional|x86
		{65C5264D-6DCF-43E2-B5C2-2C6BC1DE511E}.Debug (USE Regional)|Any CPU.ActiveCfg = Debug Gia9Regional|Any CPU
		{65C5264D-6DCF-43E2-B5C2-2C6BC1DE511E}.Debug (USE Regional)|Any CPU.Build.0 = Debug Gia9Regional|Any CPU
		{65C5264D-6DCF-43E2-B5C2-2C6BC1DE511E}.Debug (USE Regional)|x86.ActiveCfg = Debug Gia9Regional|x86
		{65C5264D-6DCF-43E2-B5C2-2C6BC1DE511E}.Debug (USE Regional)|x86.Build.0 = Debug Gia9Regional|x86
		{65C5264D-6DCF-43E2-B5C2-2C6BC1DE511E}.Debug Gia9Regional|Any CPU.ActiveCfg = Debug Gia9Regional|Any CPU
		{65C5264D-6DCF-43E2-B5C2-2C6BC1DE511E}.Debug Gia9Regional|Any CPU.Build.0 = Debug Gia9Regional|Any CPU
		{65C5264D-6DCF-43E2-B5C2-2C6BC1DE511E}.Debug Gia9Regional|x86.ActiveCfg = Debug Gia9Regional|x86
		{65C5264D-6DCF-43E2-B5C2-2C6BC1DE511E}.Debug Gia9Regional|x86.Build.0 = Debug Gia9Regional|x86
		{65C5264D-6DCF-43E2-B5C2-2C6BC1DE511E}.Debug|Any CPU.ActiveCfg = Debug|Any CPU
		{65C5264D-6DCF-43E2-B5C2-2C6BC1DE511E}.Debug|Any CPU.Build.0 = Debug|Any CPU
		{65C5264D-6DCF-43E2-B5C2-2C6BC1DE511E}.Debug|x86.ActiveCfg = Debug|x86
		{65C5264D-6DCF-43E2-B5C2-2C6BC1DE511E}.Debug|x86.Build.0 = Debug|x86
		{65C5264D-6DCF-43E2-B5C2-2C6BC1DE511E}.DebugDotNetCore|Any CPU.ActiveCfg = Debug|Any CPU
		{65C5264D-6DCF-43E2-B5C2-2C6BC1DE511E}.DebugDotNetCore|Any CPU.Build.0 = Debug|Any CPU
		{65C5264D-6DCF-43E2-B5C2-2C6BC1DE511E}.DebugDotNetCore|x86.ActiveCfg = Debug|x86
		{65C5264D-6DCF-43E2-B5C2-2C6BC1DE511E}.DebugDotNetCore|x86.Build.0 = Debug|x86
		{65C5264D-6DCF-43E2-B5C2-2C6BC1DE511E}.Release - ResultsProcessor|Any CPU.ActiveCfg = Release Gia9Regional|Any CPU
		{65C5264D-6DCF-43E2-B5C2-2C6BC1DE511E}.Release - ResultsProcessor|Any CPU.Build.0 = Release Gia9Regional|Any CPU
		{65C5264D-6DCF-43E2-B5C2-2C6BC1DE511E}.Release - ResultsProcessor|x86.ActiveCfg = Release Gia9Regional|x86
		{65C5264D-6DCF-43E2-B5C2-2C6BC1DE511E}.Release - ResultsProcessor|x86.Build.0 = Release Gia9Regional|x86
		{65C5264D-6DCF-43E2-B5C2-2C6BC1DE511E}.Release (ABse Federal)|Any CPU.ActiveCfg = Release Gia9Regional|Any CPU
		{65C5264D-6DCF-43E2-B5C2-2C6BC1DE511E}.Release (ABse Federal)|Any CPU.Build.0 = Release Gia9Regional|Any CPU
		{65C5264D-6DCF-43E2-B5C2-2C6BC1DE511E}.Release (ABse Federal)|x86.ActiveCfg = Release Gia9Regional|x86
		{65C5264D-6DCF-43E2-B5C2-2C6BC1DE511E}.Release (ABse Federal)|x86.Build.0 = Release Gia9Regional|x86
		{65C5264D-6DCF-43E2-B5C2-2C6BC1DE511E}.Release (ABse Regional)|Any CPU.ActiveCfg = Release Gia9Regional|Any CPU
		{65C5264D-6DCF-43E2-B5C2-2C6BC1DE511E}.Release (ABse Regional)|Any CPU.Build.0 = Release Gia9Regional|Any CPU
		{65C5264D-6DCF-43E2-B5C2-2C6BC1DE511E}.Release (ABse Regional)|x86.ActiveCfg = Release Gia9Regional|x86
		{65C5264D-6DCF-43E2-B5C2-2C6BC1DE511E}.Release (ABse Regional)|x86.Build.0 = Release Gia9Regional|x86
		{65C5264D-6DCF-43E2-B5C2-2C6BC1DE511E}.Release (AUse Federal)|Any CPU.ActiveCfg = Release Gia9Regional|Any CPU
		{65C5264D-6DCF-43E2-B5C2-2C6BC1DE511E}.Release (AUse Federal)|Any CPU.Build.0 = Release Gia9Regional|Any CPU
		{65C5264D-6DCF-43E2-B5C2-2C6BC1DE511E}.Release (AUse Federal)|x86.ActiveCfg = Release Gia9Regional|x86
		{65C5264D-6DCF-43E2-B5C2-2C6BC1DE511E}.Release (AUse Federal)|x86.Build.0 = Release Gia9Regional|x86
		{65C5264D-6DCF-43E2-B5C2-2C6BC1DE511E}.Release (AUse Regional)|Any CPU.ActiveCfg = Release Gia9Regional|Any CPU
		{65C5264D-6DCF-43E2-B5C2-2C6BC1DE511E}.Release (AUse Regional)|Any CPU.Build.0 = Release Gia9Regional|Any CPU
		{65C5264D-6DCF-43E2-B5C2-2C6BC1DE511E}.Release (AUse Regional)|x86.ActiveCfg = Release Gia9Regional|x86
		{65C5264D-6DCF-43E2-B5C2-2C6BC1DE511E}.Release (AUse Regional)|x86.Build.0 = Release Gia9Regional|x86
		{65C5264D-6DCF-43E2-B5C2-2C6BC1DE511E}.Release (BSE Regional)|Any CPU.ActiveCfg = Release Gia9Regional|Any CPU
		{65C5264D-6DCF-43E2-B5C2-2C6BC1DE511E}.Release (BSE Regional)|Any CPU.Build.0 = Release Gia9Regional|Any CPU
		{65C5264D-6DCF-43E2-B5C2-2C6BC1DE511E}.Release (BSE Regional)|x86.ActiveCfg = Release Gia9Regional|x86
		{65C5264D-6DCF-43E2-B5C2-2C6BC1DE511E}.Release (BSE Regional)|x86.Build.0 = Release Gia9Regional|x86
		{65C5264D-6DCF-43E2-B5C2-2C6BC1DE511E}.Release (TUSE Federal)|Any CPU.ActiveCfg = Release Gia9Regional|Any CPU
		{65C5264D-6DCF-43E2-B5C2-2C6BC1DE511E}.Release (TUSE Federal)|Any CPU.Build.0 = Release Gia9Regional|Any CPU
		{65C5264D-6DCF-43E2-B5C2-2C6BC1DE511E}.Release (TUSE Federal)|x86.ActiveCfg = Release Gia9Regional|x86
		{65C5264D-6DCF-43E2-B5C2-2C6BC1DE511E}.Release (TUSE Federal)|x86.Build.0 = Release Gia9Regional|x86
		{65C5264D-6DCF-43E2-B5C2-2C6BC1DE511E}.Release (TUSE Regional)|Any CPU.ActiveCfg = Release Gia9Regional|Any CPU
		{65C5264D-6DCF-43E2-B5C2-2C6BC1DE511E}.Release (TUSE Regional)|Any CPU.Build.0 = Release Gia9Regional|Any CPU
		{65C5264D-6DCF-43E2-B5C2-2C6BC1DE511E}.Release (TUSE Regional)|x86.ActiveCfg = Release Gia9Regional|x86
		{65C5264D-6DCF-43E2-B5C2-2C6BC1DE511E}.Release (TUSE Regional)|x86.Build.0 = Release Gia9Regional|x86
		{65C5264D-6DCF-43E2-B5C2-2C6BC1DE511E}.Release (USE Federal)|Any CPU.ActiveCfg = Release Gia9Regional|Any CPU
		{65C5264D-6DCF-43E2-B5C2-2C6BC1DE511E}.Release (USE Federal)|Any CPU.Build.0 = Release Gia9Regional|Any CPU
		{65C5264D-6DCF-43E2-B5C2-2C6BC1DE511E}.Release (USE Federal)|x86.ActiveCfg = Release Gia9Regional|x86
		{65C5264D-6DCF-43E2-B5C2-2C6BC1DE511E}.Release (USE Federal)|x86.Build.0 = Release Gia9Regional|x86
		{65C5264D-6DCF-43E2-B5C2-2C6BC1DE511E}.Release (USE Regional)|Any CPU.ActiveCfg = Release Gia9Regional|Any CPU
		{65C5264D-6DCF-43E2-B5C2-2C6BC1DE511E}.Release (USE Regional)|Any CPU.Build.0 = Release Gia9Regional|Any CPU
		{65C5264D-6DCF-43E2-B5C2-2C6BC1DE511E}.Release (USE Regional)|x86.ActiveCfg = Release Gia9Regional|x86
		{65C5264D-6DCF-43E2-B5C2-2C6BC1DE511E}.Release (USE Regional)|x86.Build.0 = Release Gia9Regional|x86
		{65C5264D-6DCF-43E2-B5C2-2C6BC1DE511E}.Release Gia9Regional|Any CPU.ActiveCfg = Release Gia9Regional|Any CPU
		{65C5264D-6DCF-43E2-B5C2-2C6BC1DE511E}.Release Gia9Regional|Any CPU.Build.0 = Release Gia9Regional|Any CPU
		{65C5264D-6DCF-43E2-B5C2-2C6BC1DE511E}.Release Gia9Regional|x86.ActiveCfg = Release Gia9Regional|x86
		{65C5264D-6DCF-43E2-B5C2-2C6BC1DE511E}.Release Gia9Regional|x86.Build.0 = Release Gia9Regional|x86
		{65C5264D-6DCF-43E2-B5C2-2C6BC1DE511E}.Release|Any CPU.ActiveCfg = Release|Any CPU
		{65C5264D-6DCF-43E2-B5C2-2C6BC1DE511E}.Release|Any CPU.Build.0 = Release|Any CPU
		{65C5264D-6DCF-43E2-B5C2-2C6BC1DE511E}.Release|x86.ActiveCfg = Release|x86
		{65C5264D-6DCF-43E2-B5C2-2C6BC1DE511E}.Release|x86.Build.0 = Release|x86
		{25846A90-F39A-4C9C-A2E8-F66C9ABD16B6}.Debug - ResultsProcessor|Any CPU.ActiveCfg = Debug Gia9Regional|Any CPU
		{25846A90-F39A-4C9C-A2E8-F66C9ABD16B6}.Debug - ResultsProcessor|Any CPU.Build.0 = Debug Gia9Regional|Any CPU
		{25846A90-F39A-4C9C-A2E8-F66C9ABD16B6}.Debug - ResultsProcessor|x86.ActiveCfg = Debug Gia9Regional|x86
		{25846A90-F39A-4C9C-A2E8-F66C9ABD16B6}.Debug - ResultsProcessor|x86.Build.0 = Debug Gia9Regional|x86
		{25846A90-F39A-4C9C-A2E8-F66C9ABD16B6}.Debug (AUSE Regional)|Any CPU.ActiveCfg = Debug Gia9Regional|Any CPU
		{25846A90-F39A-4C9C-A2E8-F66C9ABD16B6}.Debug (AUSE Regional)|Any CPU.Build.0 = Debug Gia9Regional|Any CPU
		{25846A90-F39A-4C9C-A2E8-F66C9ABD16B6}.Debug (AUSE Regional)|x86.ActiveCfg = Debug Gia9Regional|x86
		{25846A90-F39A-4C9C-A2E8-F66C9ABD16B6}.Debug (AUSE Regional)|x86.Build.0 = Debug Gia9Regional|x86
		{25846A90-F39A-4C9C-A2E8-F66C9ABD16B6}.Debug (BSE Regional)|Any CPU.ActiveCfg = Debug Gia9Regional|Any CPU
		{25846A90-F39A-4C9C-A2E8-F66C9ABD16B6}.Debug (BSE Regional)|Any CPU.Build.0 = Debug Gia9Regional|Any CPU
		{25846A90-F39A-4C9C-A2E8-F66C9ABD16B6}.Debug (BSE Regional)|x86.ActiveCfg = Debug Gia9Regional|x86
		{25846A90-F39A-4C9C-A2E8-F66C9ABD16B6}.Debug (BSE Regional)|x86.Build.0 = Debug Gia9Regional|x86
		{25846A90-F39A-4C9C-A2E8-F66C9ABD16B6}.Debug (TBSE Regional)|Any CPU.ActiveCfg = Debug Gia9Regional|Any CPU
		{25846A90-F39A-4C9C-A2E8-F66C9ABD16B6}.Debug (TBSE Regional)|Any CPU.Build.0 = Debug Gia9Regional|Any CPU
		{25846A90-F39A-4C9C-A2E8-F66C9ABD16B6}.Debug (TBSE Regional)|x86.ActiveCfg = Debug Gia9Regional|x86
		{25846A90-F39A-4C9C-A2E8-F66C9ABD16B6}.Debug (TBSE Regional)|x86.Build.0 = Debug Gia9Regional|x86
		{25846A90-F39A-4C9C-A2E8-F66C9ABD16B6}.Debug (TUSE Federal)|Any CPU.ActiveCfg = Debug Gia9Regional|Any CPU
		{25846A90-F39A-4C9C-A2E8-F66C9ABD16B6}.Debug (TUSE Federal)|Any CPU.Build.0 = Debug Gia9Regional|Any CPU
		{25846A90-F39A-4C9C-A2E8-F66C9ABD16B6}.Debug (TUSE Federal)|x86.ActiveCfg = Debug Gia9Regional|x86
		{25846A90-F39A-4C9C-A2E8-F66C9ABD16B6}.Debug (TUSE Federal)|x86.Build.0 = Debug Gia9Regional|x86
		{25846A90-F39A-4C9C-A2E8-F66C9ABD16B6}.Debug (TUSE Regional)|Any CPU.ActiveCfg = Debug Gia9Regional|Any CPU
		{25846A90-F39A-4C9C-A2E8-F66C9ABD16B6}.Debug (TUSE Regional)|Any CPU.Build.0 = Debug Gia9Regional|Any CPU
		{25846A90-F39A-4C9C-A2E8-F66C9ABD16B6}.Debug (TUSE Regional)|x86.ActiveCfg = Debug Gia9Regional|x86
		{25846A90-F39A-4C9C-A2E8-F66C9ABD16B6}.Debug (TUSE Regional)|x86.Build.0 = Debug Gia9Regional|x86
		{25846A90-F39A-4C9C-A2E8-F66C9ABD16B6}.Debug (USE Federal)|Any CPU.ActiveCfg = Debug Gia9Regional|Any CPU
		{25846A90-F39A-4C9C-A2E8-F66C9ABD16B6}.Debug (USE Federal)|Any CPU.Build.0 = Debug Gia9Regional|Any CPU
		{25846A90-F39A-4C9C-A2E8-F66C9ABD16B6}.Debug (USE Federal)|x86.ActiveCfg = Debug Gia9Regional|x86
		{25846A90-F39A-4C9C-A2E8-F66C9ABD16B6}.Debug (USE Federal)|x86.Build.0 = Debug Gia9Regional|x86
		{25846A90-F39A-4C9C-A2E8-F66C9ABD16B6}.Debug (USE Regional)|Any CPU.ActiveCfg = Debug Gia9Regional|Any CPU
		{25846A90-F39A-4C9C-A2E8-F66C9ABD16B6}.Debug (USE Regional)|Any CPU.Build.0 = Debug Gia9Regional|Any CPU
		{25846A90-F39A-4C9C-A2E8-F66C9ABD16B6}.Debug (USE Regional)|x86.ActiveCfg = Debug Gia9Regional|x86
		{25846A90-F39A-4C9C-A2E8-F66C9ABD16B6}.Debug (USE Regional)|x86.Build.0 = Debug Gia9Regional|x86
		{25846A90-F39A-4C9C-A2E8-F66C9ABD16B6}.Debug Gia9Regional|Any CPU.ActiveCfg = Debug Gia9Regional|Any CPU
		{25846A90-F39A-4C9C-A2E8-F66C9ABD16B6}.Debug Gia9Regional|Any CPU.Build.0 = Debug Gia9Regional|Any CPU
		{25846A90-F39A-4C9C-A2E8-F66C9ABD16B6}.Debug Gia9Regional|x86.ActiveCfg = Debug Gia9Regional|x86
		{25846A90-F39A-4C9C-A2E8-F66C9ABD16B6}.Debug Gia9Regional|x86.Build.0 = Debug Gia9Regional|x86
		{25846A90-F39A-4C9C-A2E8-F66C9ABD16B6}.Debug|Any CPU.ActiveCfg = Debug|Any CPU
		{25846A90-F39A-4C9C-A2E8-F66C9ABD16B6}.Debug|Any CPU.Build.0 = Debug|Any CPU
		{25846A90-F39A-4C9C-A2E8-F66C9ABD16B6}.Debug|x86.ActiveCfg = Debug|x86
		{25846A90-F39A-4C9C-A2E8-F66C9ABD16B6}.Debug|x86.Build.0 = Debug|x86
		{25846A90-F39A-4C9C-A2E8-F66C9ABD16B6}.DebugDotNetCore|Any CPU.ActiveCfg = DebugDotNetCore|Any CPU
		{25846A90-F39A-4C9C-A2E8-F66C9ABD16B6}.DebugDotNetCore|Any CPU.Build.0 = DebugDotNetCore|Any CPU
		{25846A90-F39A-4C9C-A2E8-F66C9ABD16B6}.DebugDotNetCore|x86.ActiveCfg = DebugDotNetCore|x86
		{25846A90-F39A-4C9C-A2E8-F66C9ABD16B6}.DebugDotNetCore|x86.Build.0 = DebugDotNetCore|x86
		{25846A90-F39A-4C9C-A2E8-F66C9ABD16B6}.Release - ResultsProcessor|Any CPU.ActiveCfg = Release Gia9Regional|Any CPU
		{25846A90-F39A-4C9C-A2E8-F66C9ABD16B6}.Release - ResultsProcessor|Any CPU.Build.0 = Release Gia9Regional|Any CPU
		{25846A90-F39A-4C9C-A2E8-F66C9ABD16B6}.Release - ResultsProcessor|x86.ActiveCfg = Release Gia9Regional|x86
		{25846A90-F39A-4C9C-A2E8-F66C9ABD16B6}.Release - ResultsProcessor|x86.Build.0 = Release Gia9Regional|x86
		{25846A90-F39A-4C9C-A2E8-F66C9ABD16B6}.Release (ABse Federal)|Any CPU.ActiveCfg = Release Gia9Regional|Any CPU
		{25846A90-F39A-4C9C-A2E8-F66C9ABD16B6}.Release (ABse Federal)|Any CPU.Build.0 = Release Gia9Regional|Any CPU
		{25846A90-F39A-4C9C-A2E8-F66C9ABD16B6}.Release (ABse Federal)|x86.ActiveCfg = Release Gia9Regional|x86
		{25846A90-F39A-4C9C-A2E8-F66C9ABD16B6}.Release (ABse Federal)|x86.Build.0 = Release Gia9Regional|x86
		{25846A90-F39A-4C9C-A2E8-F66C9ABD16B6}.Release (ABse Regional)|Any CPU.ActiveCfg = Release Gia9Regional|Any CPU
		{25846A90-F39A-4C9C-A2E8-F66C9ABD16B6}.Release (ABse Regional)|Any CPU.Build.0 = Release Gia9Regional|Any CPU
		{25846A90-F39A-4C9C-A2E8-F66C9ABD16B6}.Release (ABse Regional)|x86.ActiveCfg = Release Gia9Regional|x86
		{25846A90-F39A-4C9C-A2E8-F66C9ABD16B6}.Release (ABse Regional)|x86.Build.0 = Release Gia9Regional|x86
		{25846A90-F39A-4C9C-A2E8-F66C9ABD16B6}.Release (AUse Federal)|Any CPU.ActiveCfg = Release Gia9Regional|Any CPU
		{25846A90-F39A-4C9C-A2E8-F66C9ABD16B6}.Release (AUse Federal)|Any CPU.Build.0 = Release Gia9Regional|Any CPU
		{25846A90-F39A-4C9C-A2E8-F66C9ABD16B6}.Release (AUse Federal)|x86.ActiveCfg = Release Gia9Regional|x86
		{25846A90-F39A-4C9C-A2E8-F66C9ABD16B6}.Release (AUse Federal)|x86.Build.0 = Release Gia9Regional|x86
		{25846A90-F39A-4C9C-A2E8-F66C9ABD16B6}.Release (AUse Regional)|Any CPU.ActiveCfg = Release Gia9Regional|Any CPU
		{25846A90-F39A-4C9C-A2E8-F66C9ABD16B6}.Release (AUse Regional)|Any CPU.Build.0 = Release Gia9Regional|Any CPU
		{25846A90-F39A-4C9C-A2E8-F66C9ABD16B6}.Release (AUse Regional)|x86.ActiveCfg = Release Gia9Regional|x86
		{25846A90-F39A-4C9C-A2E8-F66C9ABD16B6}.Release (AUse Regional)|x86.Build.0 = Release Gia9Regional|x86
		{25846A90-F39A-4C9C-A2E8-F66C9ABD16B6}.Release (BSE Regional)|Any CPU.ActiveCfg = Release Gia9Regional|Any CPU
		{25846A90-F39A-4C9C-A2E8-F66C9ABD16B6}.Release (BSE Regional)|Any CPU.Build.0 = Release Gia9Regional|Any CPU
		{25846A90-F39A-4C9C-A2E8-F66C9ABD16B6}.Release (BSE Regional)|x86.ActiveCfg = Release Gia9Regional|x86
		{25846A90-F39A-4C9C-A2E8-F66C9ABD16B6}.Release (BSE Regional)|x86.Build.0 = Release Gia9Regional|x86
		{25846A90-F39A-4C9C-A2E8-F66C9ABD16B6}.Release (TUSE Federal)|Any CPU.ActiveCfg = Release Gia9Regional|Any CPU
		{25846A90-F39A-4C9C-A2E8-F66C9ABD16B6}.Release (TUSE Federal)|Any CPU.Build.0 = Release Gia9Regional|Any CPU
		{25846A90-F39A-4C9C-A2E8-F66C9ABD16B6}.Release (TUSE Federal)|x86.ActiveCfg = Release Gia9Regional|x86
		{25846A90-F39A-4C9C-A2E8-F66C9ABD16B6}.Release (TUSE Federal)|x86.Build.0 = Release Gia9Regional|x86
		{25846A90-F39A-4C9C-A2E8-F66C9ABD16B6}.Release (TUSE Regional)|Any CPU.ActiveCfg = Release Gia9Regional|Any CPU
		{25846A90-F39A-4C9C-A2E8-F66C9ABD16B6}.Release (TUSE Regional)|Any CPU.Build.0 = Release Gia9Regional|Any CPU
		{25846A90-F39A-4C9C-A2E8-F66C9ABD16B6}.Release (TUSE Regional)|x86.ActiveCfg = Release Gia9Regional|x86
		{25846A90-F39A-4C9C-A2E8-F66C9ABD16B6}.Release (TUSE Regional)|x86.Build.0 = Release Gia9Regional|x86
		{25846A90-F39A-4C9C-A2E8-F66C9ABD16B6}.Release (USE Federal)|Any CPU.ActiveCfg = Release Gia9Regional|Any CPU
		{25846A90-F39A-4C9C-A2E8-F66C9ABD16B6}.Release (USE Federal)|Any CPU.Build.0 = Release Gia9Regional|Any CPU
		{25846A90-F39A-4C9C-A2E8-F66C9ABD16B6}.Release (USE Federal)|x86.ActiveCfg = Release Gia9Regional|x86
		{25846A90-F39A-4C9C-A2E8-F66C9ABD16B6}.Release (USE Federal)|x86.Build.0 = Release Gia9Regional|x86
		{25846A90-F39A-4C9C-A2E8-F66C9ABD16B6}.Release (USE Regional)|Any CPU.ActiveCfg = Release Gia9Regional|Any CPU
		{25846A90-F39A-4C9C-A2E8-F66C9ABD16B6}.Release (USE Regional)|Any CPU.Build.0 = Release Gia9Regional|Any CPU
		{25846A90-F39A-4C9C-A2E8-F66C9ABD16B6}.Release (USE Regional)|x86.ActiveCfg = Release Gia9Regional|x86
		{25846A90-F39A-4C9C-A2E8-F66C9ABD16B6}.Release (USE Regional)|x86.Build.0 = Release Gia9Regional|x86
		{25846A90-F39A-4C9C-A2E8-F66C9ABD16B6}.Release Gia9Regional|Any CPU.ActiveCfg = Release Gia9Regional|Any CPU
		{25846A90-F39A-4C9C-A2E8-F66C9ABD16B6}.Release Gia9Regional|Any CPU.Build.0 = Release Gia9Regional|Any CPU
		{25846A90-F39A-4C9C-A2E8-F66C9ABD16B6}.Release Gia9Regional|x86.ActiveCfg = Release Gia9Regional|x86
		{25846A90-F39A-4C9C-A2E8-F66C9ABD16B6}.Release Gia9Regional|x86.Build.0 = Release Gia9Regional|x86
		{25846A90-F39A-4C9C-A2E8-F66C9ABD16B6}.Release|Any CPU.ActiveCfg = Release|Any CPU
		{25846A90-F39A-4C9C-A2E8-F66C9ABD16B6}.Release|Any CPU.Build.0 = Release|Any CPU
		{25846A90-F39A-4C9C-A2E8-F66C9ABD16B6}.Release|x86.ActiveCfg = Release|x86
		{25846A90-F39A-4C9C-A2E8-F66C9ABD16B6}.Release|x86.Build.0 = Release|x86
	EndGlobalSection
	GlobalSection(SolutionProperties) = preSolution
		HideSolutionNode = FALSE
	EndGlobalSection
	GlobalSection(ExtensibilityGlobals) = postSolution
		SolutionGuid = {E3B3AC85-2D14-401D-95F4-9D15C927A463}
	EndGlobalSection
EndGlobal
